
Microsoft Visual Studio Solution File, Format Version 12.00
# Visual Studio Version 17
VisualStudioVersion = 17.5.002.0
MinimumVisualStudioVersion = 10.0.40219.1
Project("{9A19103F-16F7-4668-BE54-9A1E7A4F7556}") = "Module5Lab", "Module5Lab\Module5Lab.csproj", "{C696FF94-BE0D-498D-8671-18E556658FF9}"
EndProject
Global
	GlobalSection(SolutionConfigurationPlatforms) = preSolution
		Debug|Any CPU = Debug|Any CPU
		Release|Any CPU = Release|Any CPU
	EndGlobalSection
	GlobalSection(ProjectConfigurationPlatforms) = postSolution
		{C696FF94-BE0D-498D-8671-18E556658FF9}.Debug|Any CPU.ActiveCfg = Debug|Any CPU
		{C696FF94-BE0D-498D-8671-18E556658FF9}.Debug|Any CPU.Build.0 = Debug|Any CPU
		{C696FF94-BE0D-498D-8671-18E556658FF9}.Release|Any CPU.ActiveCfg = Release|Any CPU
		{C696FF94-BE0D-498D-8671-18E556658FF9}.Release|Any CPU.Build.0 = Release|Any CPU
	EndGlobalSection
	GlobalSection(SolutionProperties) = preSolution
		HideSolutionNode = FALSE
	EndGlobalSection
	GlobalSection(ExtensibilityGlobals) = postSolution
		SolutionGuid = {C2C92F08-5C1A-4265-A003-C88C70D3E04B}
	EndGlobalSection
EndGlobal
